<?xml version="1.0" encoding="utf-8"?>
<Project ToolsVersion="4.0" xmlns="http://schemas.microsoft.com/developer/msbuild/2003">
  <ItemGroup>
    <ClCompile Include="Engine\Component\Collision\Collider.cpp" />
    <ClCompile Include="Engine\Component\Networking\Receiver.cpp" />
    <ClCompile Include="Engine\Component\Networking\Sender.cpp" />
    <ClCompile Include="Engine\External\Render\Sprite.cpp" />
    <ClCompile Include="Engine\External\Render\SpriteSheet.cpp" />
    <ClCompile Include="Engine\External\Render\Tile.cpp" />
    <ClCompile Include="Engine\Manager\NetworkingManager.cpp" />
    <ClCompile Include="Game\Components\AI.cpp" />
    <ClCompile Include="Game\Components\Player.cpp" />
    <ClCompile Include="Game\ExternalClasses\Example.cpp" />
    <ClCompile Include="Engine\Component\Render\Renderer.cpp" />
    <ClCompile Include="Engine\Component\Render\TileRenderer.cpp" />
    <ClCompile Include="Engine\Manager\InputManager.cpp" />
    <ClCompile Include="Engine\Manager\MessageManager.cpp" />
    <ClCompile Include="Game\GameObjects\Battler.cpp" />
    <ClCompile Include="Game\Managers\MatchManager.cpp" />
    <ClCompile Include="Game\Scenes\GameScene_Alpha_Networked.cpp" />
    <ClCompile Include="Game\Scenes\MessagingTestScene.cpp" />
    <ClCompile Include="Game\Scenes\NetworkingTestScene.cpp" />
    <ClCompile Include="Engine\Component\Component.cpp" />
    <ClCompile Include="Engine\Component\GameObject.cpp" />
    <ClCompile Include="Engine\Component\Physics.cpp" />
    <ClCompile Include="Engine\Component\Render\SpriteRenderer.cpp" />
    <ClCompile Include="Engine\Component\Transform.cpp" />
    <ClCompile Include="Engine\Engine.cpp" />
    <ClCompile Include="Engine\External\HelperFunctions.cpp" />
    <ClCompile Include="Engine\External\Math\Vector2.cpp" />
    <ClCompile Include="Engine\External\Render\Shader.cpp" />
    <ClCompile Include="Engine\External\Render\ShaderFactory.cpp" />
    <ClCompile Include="Engine\Manager\GameManager.cpp" />
    <ClCompile Include="Engine\Manager\SpriteRendererManager.cpp" />
    <ClCompile Include="Game\Components\ComponentTemplate.cpp" />
    <ClCompile Include="Game\GameObjects\GameObjectTemplate.cpp" />
    <ClCompile Include="Game\Scenes\PlayerTestScene.cpp" />
    <ClCompile Include="Game\Scenes\SceneTemplate.cpp" />
    <ClCompile Include="Game\Scenes\SpriteSheetAnimationTestScene.cpp" />
    <ClCompile Include="main.cpp" />
    <ClCompile Include="PhysicsManager.cpp" />
    <ClCompile Include="AudioManager.cpp" />
  </ItemGroup>
  <ItemGroup>
    <ClInclude Include="Engine\Component\Collision\Collider.h" />
    <ClInclude Include="Engine\Component\Networking\Receiver.h" />
    <ClInclude Include="Engine\Component\Networking\Sender.h" />
    <ClInclude Include="Engine\External\Render\ISprite.h" />
    <ClInclude Include="Engine\External\Render\Sprite.h" />
    <ClInclude Include="Engine\External\Render\SpriteSheet.h" />
    <ClInclude Include="Engine\External\Render\Tile.h" />
    <ClInclude Include="Engine\External\Render\TileSheetInfo.h" />
    <ClInclude Include="Engine\External\TransformState.h" />
    <ClInclude Include="Engine\Component\Render\Renderer.h" />
    <ClInclude Include="Engine\Component\Render\TileRenderer.h" />
    <ClInclude Include="Engine\Manager\MessageManager.h" />
    <ClInclude Include="Engine\Manager\NetworkingManager.h" />
    <ClInclude Include="Game\Components\AI.h" />
    <ClInclude Include="Game\Components\Player.h" />
    <ClInclude Include="Game\ExternalClasses\Example.h" />
    <ClInclude Include="Game\ExternalClasses\UserDefinedRenderLayers.h" />
    <ClInclude Include="Game\GameObjects\Battler.h" />
    <ClInclude Include="Game\Managers\MatchManager.h" />
    <ClInclude Include="Game\Scenes\GameScene_Alpha_Networked.h" />
    <ClInclude Include="Game\Scenes\MessagingTestScene.h" />
    <ClInclude Include="Game\Scenes\NetworkingTestScene.h" />
    <ClInclude Include="Engine\Component\Component.h" />
    <ClInclude Include="Engine\Component\GameObject.h" />
    <ClInclude Include="Engine\Component\Physics.h" />
    <ClInclude Include="Engine\Component\Render\SpriteRenderer.h" />
    <ClInclude Include="Engine\Component\Transform.h" />
    <ClInclude Include="Engine\Engine.h" />
    <ClInclude Include="Engine\External\GLHeaders.h" />
    <ClInclude Include="Engine\External\HelperFunctions.h" />
    <ClInclude Include="Engine\External\Math\Vector2.h" />
    <ClInclude Include="Engine\External\Render\FBORenderTexture.h" />
    <ClInclude Include="Engine\External\Render\Shader.h" />
    <ClInclude Include="Engine\External\Render\ShaderFactory.h" />
    <ClInclude Include="Engine\External\SharedConstants.h" />
    <ClInclude Include="Engine\Manager\GameManager.h" />
    <ClInclude Include="Engine\Manager\InputManager.h" />
    <ClInclude Include="Engine\Manager\SpriteRendererManager.h" />
    <ClInclude Include="Game\Components\ComponentTemplate.h" />
    <ClInclude Include="Game\GameObjects\GameObjectTemplate.h" />
    <ClInclude Include="PhysicsManager.h" />
    <ClInclude Include="Game\Scenes\PlayerTestScene.h" />
    <ClInclude Include="Game\Scenes\Scenes.h" />
    <ClInclude Include="Game\Scenes\SceneTemplate.h" />
    <ClInclude Include="Game\Scenes\SpriteSheetAnimationTestScene.h" />
    <ClInclude Include="..\WinLibraries\SDL2_mixer-devel-2.0.1-VC\SDL2_mixer-2.0.1\include\SDL_mixer.h" />
    <ClInclude Include="AudioManager.h" />
  </ItemGroup>
  <ItemGroup>
    <Image Include="Assets\Character.bmp" />
    <Image Include="Assets\Character.png" />
  </ItemGroup>
  <ItemGroup>
    <None Include="fragment_shader.fs" />
  </ItemGroup>
</Project>